
Microsoft Visual Studio Solution File, Format Version 12.00
# Visual Studio Version 17
VisualStudioVersion = 17.3.32929.385
MinimumVisualStudioVersion = 10.0.40219.1
Project("{FAE04EC0-301F-11D3-BF4B-00C04F79EFBC}") = "EmployRoll1", "EmployRoll1\EmployRoll1.csproj", "{AFAFDE64-6EB4-4E3D-BED1-D658F0597939}"
EndProject
Global
	GlobalSection(SolutionConfigurationPlatforms) = preSolution
		Debug|Any CPU = Debug|Any CPU
		Release|Any CPU = Release|Any CPU
	EndGlobalSection
	GlobalSection(ProjectConfigurationPlatforms) = postSolution
		{AFAFDE64-6EB4-4E3D-BED1-D658F0597939}.Debug|Any CPU.ActiveCfg = Debug|Any CPU
		{AFAFDE64-6EB4-4E3D-BED1-D658F0597939}.Debug|Any CPU.Build.0 = Debug|Any CPU
		{AFAFDE64-6EB4-4E3D-BED1-D658F0597939}.Release|Any CPU.ActiveCfg = Release|Any CPU
		{AFAFDE64-6EB4-4E3D-BED1-D658F0597939}.Release|Any CPU.Build.0 = Release|Any CPU
	EndGlobalSection
	GlobalSection(SolutionProperties) = preSolution
		HideSolutionNode = FALSE
	EndGlobalSection
	GlobalSection(ExtensibilityGlobals) = postSolution
		SolutionGuid = {62E52930-2F4F-456F-8F5A-6F6FAAFAEFB9}
	EndGlobalSection
EndGlobal
